
Microsoft Visual Studio Solution File, Format Version 12.00
# Visual Studio 14
VisualStudioVersion = 14.0.24720.0
MinimumVisualStudioVersion = 10.0.40219.1
Project("{FAE04EC0-301F-11D3-BF4B-00C04F79EFBC}") = "Cinema.Model", "Cinema.Model\Cinema.Model.csproj", "{448F6EDA-E1CD-466E-9F58-C214EB8B7588}"
EndProject
Project("{FAE04EC0-301F-11D3-BF4B-00C04F79EFBC}") = "Cinema.Common", "Cinema.Common\Cinema.Common.csproj", "{16DE476A-0DEE-43B0-B1E7-E01BAAB13080}"
EndProject
Project("{FAE04EC0-301F-11D3-BF4B-00C04F79EFBC}") = "Cinema.Data", "Cinema.Data\Cinema.Data.csproj", "{D127E6EE-D03E-4A87-9319-1214C2EB257F}"
EndProject
Project("{FAE04EC0-301F-11D3-BF4B-00C04F79EFBC}") = "Cinema.Service", "Cinema.Service\Cinema.Service.csproj", "{E92E7E25-B7D9-466D-B01C-AD0D01443BEF}"
EndProject
Project("{FAE04EC0-301F-11D3-BF4B-00C04F79EFBC}") = "Cinema.UnitTest", "Cinema.UnitTest\Cinema.UnitTest.csproj", "{2B0B8BD1-1741-43C1-BDFC-8CBD3EF64EB2}"
EndProject
Project("{FAE04EC0-301F-11D3-BF4B-00C04F79EFBC}") = "Cinema.Web", "Cinema.Web\Cinema.Web.csproj", "{FBEEE4E1-E651-4180-AAFC-E042B3A2A785}"
EndProject
Global
	GlobalSection(SolutionConfigurationPlatforms) = preSolution
		Debug|Any CPU = Debug|Any CPU
		Release|Any CPU = Release|Any CPU
	EndGlobalSection
	GlobalSection(ProjectConfigurationPlatforms) = postSolution
		{448F6EDA-E1CD-466E-9F58-C214EB8B7588}.Debug|Any CPU.ActiveCfg = Debug|Any CPU
		{448F6EDA-E1CD-466E-9F58-C214EB8B7588}.Debug|Any CPU.Build.0 = Debug|Any CPU
		{448F6EDA-E1CD-466E-9F58-C214EB8B7588}.Release|Any CPU.ActiveCfg = Release|Any CPU
		{448F6EDA-E1CD-466E-9F58-C214EB8B7588}.Release|Any CPU.Build.0 = Release|Any CPU
		{16DE476A-0DEE-43B0-B1E7-E01BAAB13080}.Debug|Any CPU.ActiveCfg = Debug|Any CPU
		{16DE476A-0DEE-43B0-B1E7-E01BAAB13080}.Debug|Any CPU.Build.0 = Debug|Any CPU
		{16DE476A-0DEE-43B0-B1E7-E01BAAB13080}.Release|Any CPU.ActiveCfg = Release|Any CPU
		{16DE476A-0DEE-43B0-B1E7-E01BAAB13080}.Release|Any CPU.Build.0 = Release|Any CPU
		{D127E6EE-D03E-4A87-9319-1214C2EB257F}.Debug|Any CPU.ActiveCfg = Debug|Any CPU
		{D127E6EE-D03E-4A87-9319-1214C2EB257F}.Debug|Any CPU.Build.0 = Debug|Any CPU
		{D127E6EE-D03E-4A87-9319-1214C2EB257F}.Release|Any CPU.ActiveCfg = Release|Any CPU
		{D127E6EE-D03E-4A87-9319-1214C2EB257F}.Release|Any CPU.Build.0 = Release|Any CPU
		{E92E7E25-B7D9-466D-B01C-AD0D01443BEF}.Debug|Any CPU.ActiveCfg = Debug|Any CPU
		{E92E7E25-B7D9-466D-B01C-AD0D01443BEF}.Debug|Any CPU.Build.0 = Debug|Any CPU
		{E92E7E25-B7D9-466D-B01C-AD0D01443BEF}.Release|Any CPU.ActiveCfg = Release|Any CPU
		{E92E7E25-B7D9-466D-B01C-AD0D01443BEF}.Release|Any CPU.Build.0 = Release|Any CPU
		{2B0B8BD1-1741-43C1-BDFC-8CBD3EF64EB2}.Debug|Any CPU.ActiveCfg = Debug|Any CPU
		{2B0B8BD1-1741-43C1-BDFC-8CBD3EF64EB2}.Debug|Any CPU.Build.0 = Debug|Any CPU
		{2B0B8BD1-1741-43C1-BDFC-8CBD3EF64EB2}.Release|Any CPU.ActiveCfg = Release|Any CPU
		{2B0B8BD1-1741-43C1-BDFC-8CBD3EF64EB2}.Release|Any CPU.Build.0 = Release|Any CPU
		{FBEEE4E1-E651-4180-AAFC-E042B3A2A785}.Debug|Any CPU.ActiveCfg = Debug|Any CPU
		{FBEEE4E1-E651-4180-AAFC-E042B3A2A785}.Debug|Any CPU.Build.0 = Debug|Any CPU
		{FBEEE4E1-E651-4180-AAFC-E042B3A2A785}.Release|Any CPU.ActiveCfg = Release|Any CPU
		{FBEEE4E1-E651-4180-AAFC-E042B3A2A785}.Release|Any CPU.Build.0 = Release|Any CPU
	EndGlobalSection
	GlobalSection(SolutionProperties) = preSolution
		HideSolutionNode = FALSE
	EndGlobalSection
EndGlobal
